// !$*UTF8*$!
{
	archiveVersion = 1;
	classes = {
	};
	objectVersion = 51;
	objects = {

/* Begin PBXBuildFile section */
		1B0FBA7425C33465008F5ACB /* GoogleService-Info.plist in Resources */ = {isa = PBXBuildFile; fileRef = 1B0FBA7325C33465008F5ACB /* GoogleService-Info.plist */; };
		1B5CF3BF25C731C4001B8B90 /* DatabaseManager.swift in Sources */ = {isa = PBXBuildFile; fileRef = 1B5CF3BE25C731C4001B8B90 /* DatabaseManager.swift */; };
		1B7644EB25C1976500E63D9B /* AppDelegate.swift in Sources */ = {isa = PBXBuildFile; fileRef = 1B7644EA25C1976500E63D9B /* AppDelegate.swift */; };
		1B7644ED25C1976500E63D9B /* SceneDelegate.swift in Sources */ = {isa = PBXBuildFile; fileRef = 1B7644EC25C1976500E63D9B /* SceneDelegate.swift */; };
		1B7644EF25C1976500E63D9B /* ConversationsViewController.swift in Sources */ = {isa = PBXBuildFile; fileRef = 1B7644EE25C1976500E63D9B /* ConversationsViewController.swift */; };
		1B7644F225C1976500E63D9B /* Main.storyboard in Resources */ = {isa = PBXBuildFile; fileRef = 1B7644F025C1976500E63D9B /* Main.storyboard */; };
		1B7644F425C1976700E63D9B /* Assets.xcassets in Resources */ = {isa = PBXBuildFile; fileRef = 1B7644F325C1976700E63D9B /* Assets.xcassets */; };
		1B7644F725C1976700E63D9B /* LaunchScreen.storyboard in Resources */ = {isa = PBXBuildFile; fileRef = 1B7644F525C1976700E63D9B /* LaunchScreen.storyboard */; };
		1B76450825C19DB400E63D9B /* LoginViewController.swift in Sources */ = {isa = PBXBuildFile; fileRef = 1B76450725C19DB400E63D9B /* LoginViewController.swift */; };
		1B76450B25C19E0700E63D9B /* RegisterViewController.swift in Sources */ = {isa = PBXBuildFile; fileRef = 1B76450A25C19E0700E63D9B /* RegisterViewController.swift */; };
		1B76450E25C19E1100E63D9B /* PhotoViewerViewController.swift in Sources */ = {isa = PBXBuildFile; fileRef = 1B76450D25C19E1100E63D9B /* PhotoViewerViewController.swift */; };
		1B76451125C19E1D00E63D9B /* VideoPlayerViewController.swift in Sources */ = {isa = PBXBuildFile; fileRef = 1B76451025C19E1D00E63D9B /* VideoPlayerViewController.swift */; };
		1B76451425C19E2900E63D9B /* NewConversationViewController.swift in Sources */ = {isa = PBXBuildFile; fileRef = 1B76451325C19E2900E63D9B /* NewConversationViewController.swift */; };
		1B76451725C19E3200E63D9B /* ProfileViewController.swift in Sources */ = {isa = PBXBuildFile; fileRef = 1B76451625C19E3200E63D9B /* ProfileViewController.swift */; };
		1BA49B5D25C1CFC7004E8B03 /* Extensions.swift in Sources */ = {isa = PBXBuildFile; fileRef = 1BA49B5C25C1CFC7004E8B03 /* Extensions.swift */; };
		6EB05C7FE1A33B4FCF9CAA3B /* Pods_Messenger.framework in Frameworks */ = {isa = PBXBuildFile; fileRef = 3E348ADCC07F55230B4F36DB /* Pods_Messenger.framework */; };
/* End PBXBuildFile section */

/* Begin PBXFileReference section */
		1B0FBA7325C33465008F5ACB /* GoogleService-Info.plist */ = {isa = PBXFileReference; fileEncoding = 4; lastKnownFileType = text.plist.xml; path = "GoogleService-Info.plist"; sourceTree = "<group>"; };
		1B5CF3BE25C731C4001B8B90 /* DatabaseManager.swift */ = {isa = PBXFileReference; lastKnownFileType = sourcecode.swift; path = DatabaseManager.swift; sourceTree = "<group>"; };
		1B7644E725C1976500E63D9B /* Messenger.app */ = {isa = PBXFileReference; explicitFileType = wrapper.application; includeInIndex = 0; path = Messenger.app; sourceTree = BUILT_PRODUCTS_DIR; };
		1B7644EA25C1976500E63D9B /* AppDelegate.swift */ = {isa = PBXFileReference; lastKnownFileType = sourcecode.swift; path = AppDelegate.swift; sourceTree = "<group>"; };
		1B7644EC25C1976500E63D9B /* SceneDelegate.swift */ = {isa = PBXFileReference; lastKnownFileType = sourcecode.swift; path = SceneDelegate.swift; sourceTree = "<group>"; };
		1B7644EE25C1976500E63D9B /* ConversationsViewController.swift */ = {isa = PBXFileReference; lastKnownFileType = sourcecode.swift; path = ConversationsViewController.swift; sourceTree = "<group>"; };
		1B7644F125C1976500E63D9B /* Base */ = {isa = PBXFileReference; lastKnownFileType = file.storyboard; name = Base; path = Base.lproj/Main.storyboard; sourceTree = "<group>"; };
		1B7644F325C1976700E63D9B /* Assets.xcassets */ = {isa = PBXFileReference; lastKnownFileType = folder.assetcatalog; path = Assets.xcassets; sourceTree = "<group>"; };
		1B7644F625C1976700E63D9B /* Base */ = {isa = PBXFileReference; lastKnownFileType = file.storyboard; name = Base; path = Base.lproj/LaunchScreen.storyboard; sourceTree = "<group>"; };
		1B7644F825C1976700E63D9B /* Info.plist */ = {isa = PBXFileReference; lastKnownFileType = text.plist.xml; path = Info.plist; sourceTree = "<group>"; };
		1B76450725C19DB400E63D9B /* LoginViewController.swift */ = {isa = PBXFileReference; lastKnownFileType = sourcecode.swift; path = LoginViewController.swift; sourceTree = "<group>"; };
		1B76450A25C19E0700E63D9B /* RegisterViewController.swift */ = {isa = PBXFileReference; lastKnownFileType = sourcecode.swift; path = RegisterViewController.swift; sourceTree = "<group>"; };
		1B76450D25C19E1100E63D9B /* PhotoViewerViewController.swift */ = {isa = PBXFileReference; lastKnownFileType = sourcecode.swift; path = PhotoViewerViewController.swift; sourceTree = "<group>"; };
		1B76451025C19E1D00E63D9B /* VideoPlayerViewController.swift */ = {isa = PBXFileReference; lastKnownFileType = sourcecode.swift; path = VideoPlayerViewController.swift; sourceTree = "<group>"; };
		1B76451325C19E2900E63D9B /* NewConversationViewController.swift */ = {isa = PBXFileReference; lastKnownFileType = sourcecode.swift; path = NewConversationViewController.swift; sourceTree = "<group>"; };
		1B76451625C19E3200E63D9B /* ProfileViewController.swift */ = {isa = PBXFileReference; lastKnownFileType = sourcecode.swift; path = ProfileViewController.swift; sourceTree = "<group>"; };
		1BA49B5C25C1CFC7004E8B03 /* Extensions.swift */ = {isa = PBXFileReference; lastKnownFileType = sourcecode.swift; path = Extensions.swift; sourceTree = "<group>"; };
		23942E7D6A6867E035474761 /* Pods-Messenger.release.xcconfig */ = {isa = PBXFileReference; includeInIndex = 1; lastKnownFileType = text.xcconfig; name = "Pods-Messenger.release.xcconfig"; path = "Target Support Files/Pods-Messenger/Pods-Messenger.release.xcconfig"; sourceTree = "<group>"; };
		3E348ADCC07F55230B4F36DB /* Pods_Messenger.framework */ = {isa = PBXFileReference; explicitFileType = wrapper.framework; includeInIndex = 0; path = Pods_Messenger.framework; sourceTree = BUILT_PRODUCTS_DIR; };
		E23C01A882F9AB7E5672FF18 /* Pods-Messenger.debug.xcconfig */ = {isa = PBXFileReference; includeInIndex = 1; lastKnownFileType = text.xcconfig; name = "Pods-Messenger.debug.xcconfig"; path = "Target Support Files/Pods-Messenger/Pods-Messenger.debug.xcconfig"; sourceTree = "<group>"; };
/* End PBXFileReference section */

/* Begin PBXFrameworksBuildPhase section */
		1B7644E425C1976500E63D9B /* Frameworks */ = {
			isa = PBXFrameworksBuildPhase;
			buildActionMask = 2147483647;
			files = (
				6EB05C7FE1A33B4FCF9CAA3B /* Pods_Messenger.framework in Frameworks */,
			);
			runOnlyForDeploymentPostprocessing = 0;
		};
/* End PBXFrameworksBuildPhase section */

/* Begin PBXGroup section */
		1B7644DE25C1976500E63D9B = {
			isa = PBXGroup;
			children = (
				1B7644E925C1976500E63D9B /* Messenger */,
				1B7644E825C1976500E63D9B /* Products */,
				AF472E1975503E8D1E4F759E /* Pods */,
				E15FB6CBE940AF311C7CEF34 /* Frameworks */,
			);
			sourceTree = "<group>";
		};
		1B7644E825C1976500E63D9B /* Products */ = {
			isa = PBXGroup;
			children = (
				1B7644E725C1976500E63D9B /* Messenger.app */,
			);
			name = Products;
			sourceTree = "<group>";
		};
		1B7644E925C1976500E63D9B /* Messenger */ = {
			isa = PBXGroup;
			children = (
				1B76450325C199E600E63D9B /* Resources */,
				1B76450225C199DC00E63D9B /* ViewModels */,
				1B76450125C199D400E63D9B /* Models */,
				1B76450025C199CE00E63D9B /* Views */,
				1B7644FF25C199C400E63D9B /* Controllers */,
				1B7644F825C1976700E63D9B /* Info.plist */,
				1B0FBA7325C33465008F5ACB /* GoogleService-Info.plist */,
			);
			path = Messenger;
			sourceTree = "<group>";
		};
		1B7644FF25C199C400E63D9B /* Controllers */ = {
			isa = PBXGroup;
			children = (
				1B7644EE25C1976500E63D9B /* ConversationsViewController.swift */,
				1B76451925C19FD700E63D9B /* Login */,
				1B76450D25C19E1100E63D9B /* PhotoViewerViewController.swift */,
				1B76451025C19E1D00E63D9B /* VideoPlayerViewController.swift */,
				1B76451325C19E2900E63D9B /* NewConversationViewController.swift */,
				1B76451625C19E3200E63D9B /* ProfileViewController.swift */,
			);
			path = Controllers;
			sourceTree = "<group>";
		};
		1B76450025C199CE00E63D9B /* Views */ = {
			isa = PBXGroup;
			children = (
				1B76450425C19A3B00E63D9B /* Storyboards */,
				1B7644F325C1976700E63D9B /* Assets.xcassets */,
			);
			path = Views;
			sourceTree = "<group>";
		};
		1B76450125C199D400E63D9B /* Models */ = {
			isa = PBXGroup;
			children = (
			);
			path = Models;
			sourceTree = "<group>";
		};
		1B76450225C199DC00E63D9B /* ViewModels */ = {
			isa = PBXGroup;
			children = (
			);
			path = ViewModels;
			sourceTree = "<group>";
		};
		1B76450325C199E600E63D9B /* Resources */ = {
			isa = PBXGroup;
			children = (
				1B7644EA25C1976500E63D9B /* AppDelegate.swift */,
				1B7644EC25C1976500E63D9B /* SceneDelegate.swift */,
				1BA49B5C25C1CFC7004E8B03 /* Extensions.swift */,
				1B5CF3BE25C731C4001B8B90 /* DatabaseManager.swift */,
			);
			path = Resources;
			sourceTree = "<group>";
		};
		1B76450425C19A3B00E63D9B /* Storyboards */ = {
			isa = PBXGroup;
			children = (
				1B7644F025C1976500E63D9B /* Main.storyboard */,
				1B7644F525C1976700E63D9B /* LaunchScreen.storyboard */,
			);
			path = Storyboards;
			sourceTree = "<group>";
		};
		1B76451925C19FD700E63D9B /* Login */ = {
			isa = PBXGroup;
			children = (
				1B76450725C19DB400E63D9B /* LoginViewController.swift */,
				1B76450A25C19E0700E63D9B /* RegisterViewController.swift */,
			);
			path = Login;
			sourceTree = "<group>";
		};
		AF472E1975503E8D1E4F759E /* Pods */ = {
			isa = PBXGroup;
			children = (
				E23C01A882F9AB7E5672FF18 /* Pods-Messenger.debug.xcconfig */,
				23942E7D6A6867E035474761 /* Pods-Messenger.release.xcconfig */,
			);
			path = Pods;
			sourceTree = "<group>";
		};
		E15FB6CBE940AF311C7CEF34 /* Frameworks */ = {
			isa = PBXGroup;
			children = (
				3E348ADCC07F55230B4F36DB /* Pods_Messenger.framework */,
			);
			name = Frameworks;
			sourceTree = "<group>";
		};
/* End PBXGroup section */

/* Begin PBXNativeTarget section */
		1B7644E625C1976500E63D9B /* Messenger */ = {
			isa = PBXNativeTarget;
			buildConfigurationList = 1B7644FB25C1976700E63D9B /* Build configuration list for PBXNativeTarget "Messenger" */;
			buildPhases = (
				092E5DF1496BC52867B2EA49 /* [CP] Check Pods Manifest.lock */,
				1B7644E325C1976500E63D9B /* Sources */,
				1B7644E425C1976500E63D9B /* Frameworks */,
				1B7644E525C1976500E63D9B /* Resources */,
				37A3FAA6B0DBFB4DF247E2FE /* [CP] Embed Pods Frameworks */,
			);
			buildRules = (
			);
			dependencies = (
			);
			name = Messenger;
			productName = Messenger;
			productReference = 1B7644E725C1976500E63D9B /* Messenger.app */;
			productType = "com.apple.product-type.application";
		};
/* End PBXNativeTarget section */

/* Begin PBXProject section */
		1B7644DF25C1976500E63D9B /* Project object */ = {
			isa = PBXProject;
			attributes = {
				LastSwiftUpdateCheck = 1230;
				LastUpgradeCheck = 1230;
				TargetAttributes = {
					1B7644E625C1976500E63D9B = {
						CreatedOnToolsVersion = 12.3;
					};
				};
			};
			buildConfigurationList = 1B7644E225C1976500E63D9B /* Build configuration list for PBXProject "Messenger" */;
			compatibilityVersion = "Xcode 9.3";
			developmentRegion = en;
			hasScannedForEncodings = 0;
			knownRegions = (
				en,
				Base,
			);
			mainGroup = 1B7644DE25C1976500E63D9B;
			productRefGroup = 1B7644E825C1976500E63D9B /* Products */;
			projectDirPath = "";
			projectRoot = "";
			targets = (
				1B7644E625C1976500E63D9B /* Messenger */,
			);
		};
/* End PBXProject section */

/* Begin PBXResourcesBuildPhase section */
		1B7644E525C1976500E63D9B /* Resources */ = {
			isa = PBXResourcesBuildPhase;
			buildActionMask = 2147483647;
			files = (
				1B7644F725C1976700E63D9B /* LaunchScreen.storyboard in Resources */,
				1B0FBA7425C33465008F5ACB /* GoogleService-Info.plist in Resources */,
				1B7644F425C1976700E63D9B /* Assets.xcassets in Resources */,
				1B7644F225C1976500E63D9B /* Main.storyboard in Resources */,
			);
			runOnlyForDeploymentPostprocessing = 0;
		};
/* End PBXResourcesBuildPhase section */

/* Begin PBXShellScriptBuildPhase section */
		092E5DF1496BC52867B2EA49 /* [CP] Check Pods Manifest.lock */ = {
			isa = PBXShellScriptBuildPhase;
			buildActionMask = 2147483647;
			files = (
			);
			inputFileListPaths = (
			);
			inputPaths = (
				"${PODS_PODFILE_DIR_PATH}/Podfile.lock",
				"${PODS_ROOT}/Manifest.lock",
			);
			name = "[CP] Check Pods Manifest.lock";
			outputFileListPaths = (
			);
			outputPaths = (
				"$(DERIVED_FILE_DIR)/Pods-Messenger-checkManifestLockResult.txt",
			);
			runOnlyForDeploymentPostprocessing = 0;
			shellPath = /bin/sh;
			shellScript = "diff \"${PODS_PODFILE_DIR_PATH}/Podfile.lock\" \"${PODS_ROOT}/Manifest.lock\" > /dev/null\nif [ $? != 0 ] ; then\n    # print error to STDERR\n    echo \"error: The sandbox is not in sync with the Podfile.lock. Run 'pod install' or update your CocoaPods installation.\" >&2\n    exit 1\nfi\n# This output is used by Xcode 'outputs' to avoid re-running this script phase.\necho \"SUCCESS\" > \"${SCRIPT_OUTPUT_FILE_0}\"\n";
			showEnvVarsInLog = 0;
		};
		37A3FAA6B0DBFB4DF247E2FE /* [CP] Embed Pods Frameworks */ = {
			isa = PBXShellScriptBuildPhase;
			buildActionMask = 2147483647;
			files = (
			);
			inputFileListPaths = (
				"${PODS_ROOT}/Target Support Files/Pods-Messenger/Pods-Messenger-frameworks-${CONFIGURATION}-input-files.xcfilelist",
			);
			name = "[CP] Embed Pods Frameworks";
			outputFileListPaths = (
				"${PODS_ROOT}/Target Support Files/Pods-Messenger/Pods-Messenger-frameworks-${CONFIGURATION}-output-files.xcfilelist",
			);
			runOnlyForDeploymentPostprocessing = 0;
			shellPath = /bin/sh;
			shellScript = "\"${PODS_ROOT}/Target Support Files/Pods-Messenger/Pods-Messenger-frameworks.sh\"\n";
			showEnvVarsInLog = 0;
		};
/* End PBXShellScriptBuildPhase section */

/* Begin PBXSourcesBuildPhase section */
		1B7644E325C1976500E63D9B /* Sources */ = {
			isa = PBXSourcesBuildPhase;
			buildActionMask = 2147483647;
			files = (
				1B76450825C19DB400E63D9B /* LoginViewController.swift in Sources */,
				1B5CF3BF25C731C4001B8B90 /* DatabaseManager.swift in Sources */,
				1B76450B25C19E0700E63D9B /* RegisterViewController.swift in Sources */,
				1B76451425C19E2900E63D9B /* NewConversationViewController.swift in Sources */,
				1B7644EF25C1976500E63D9B /* ConversationsViewController.swift in Sources */,
				1B76451125C19E1D00E63D9B /* VideoPlayerViewController.swift in Sources */,
				1BA49B5D25C1CFC7004E8B03 /* Extensions.swift in Sources */,
				1B7644EB25C1976500E63D9B /* AppDelegate.swift in Sources */,
				1B76451725C19E3200E63D9B /* ProfileViewController.swift in Sources */,
				1B7644ED25C1976500E63D9B /* SceneDelegate.swift in Sources */,
				1B76450E25C19E1100E63D9B /* PhotoViewerViewController.swift in Sources */,
			);
			runOnlyForDeploymentPostprocessing = 0;
		};
/* End PBXSourcesBuildPhase section */

/* Begin PBXVariantGroup section */
		1B7644F025C1976500E63D9B /* Main.storyboard */ = {
			isa = PBXVariantGroup;
			children = (
				1B7644F125C1976500E63D9B /* Base */,
			);
			name = Main.storyboard;
			sourceTree = "<group>";
		};
		1B7644F525C1976700E63D9B /* LaunchScreen.storyboard */ = {
			isa = PBXVariantGroup;
			children = (
				1B7644F625C1976700E63D9B /* Base */,
			);
			name = LaunchScreen.storyboard;
			sourceTree = "<group>";
		};
/* End PBXVariantGroup section */

/* Begin XCBuildConfiguration section */
		1B7644F925C1976700E63D9B /* Debug */ = {
			isa = XCBuildConfiguration;
			buildSettings = {
				ALWAYS_SEARCH_USER_PATHS = NO;
				CLANG_ANALYZER_NONNULL = YES;
				CLANG_ANALYZER_NUMBER_OBJECT_CONVERSION = YES_AGGRESSIVE;
				CLANG_CXX_LANGUAGE_STANDARD = "gnu++14";
				CLANG_CXX_LIBRARY = "libc++";
				CLANG_ENABLE_MODULES = YES;
				CLANG_ENABLE_OBJC_ARC = YES;
				CLANG_ENABLE_OBJC_WEAK = YES;
				CLANG_WARN_BLOCK_CAPTURE_AUTORELEASING = YES;
				CLANG_WARN_BOOL_CONVERSION = YES;
				CLANG_WARN_COMMA = YES;
				CLANG_WARN_CONSTANT_CONVERSION = YES;
				CLANG_WARN_DEPRECATED_OBJC_IMPLEMENTATIONS = YES;
				CLANG_WARN_DIRECT_OBJC_ISA_USAGE = YES_ERROR;
				CLANG_WARN_DOCUMENTATION_COMMENTS = YES;
				CLANG_WARN_EMPTY_BODY = YES;
				CLANG_WARN_ENUM_CONVERSION = YES;
				CLANG_WARN_INFINITE_RECURSION = YES;
				CLANG_WARN_INT_CONVERSION = YES;
				CLANG_WARN_NON_LITERAL_NULL_CONVERSION = YES;
				CLANG_WARN_OBJC_IMPLICIT_RETAIN_SELF = YES;
				CLANG_WARN_OBJC_LITERAL_CONVERSION = YES;
				CLANG_WARN_OBJC_ROOT_CLASS = YES_ERROR;
				CLANG_WARN_QUOTED_INCLUDE_IN_FRAMEWORK_HEADER = YES;
				CLANG_WARN_RANGE_LOOP_ANALYSIS = YES;
				CLANG_WARN_STRICT_PROTOTYPES = YES;
				CLANG_WARN_SUSPICIOUS_MOVE = YES;
				CLANG_WARN_UNGUARDED_AVAILABILITY = YES_AGGRESSIVE;
				CLANG_WARN_UNREACHABLE_CODE = YES;
				CLANG_WARN__DUPLICATE_METHOD_MATCH = YES;
				COPY_PHASE_STRIP = NO;
				DEBUG_INFORMATION_FORMAT = dwarf;
				ENABLE_STRICT_OBJC_MSGSEND = YES;
				ENABLE_TESTABILITY = YES;
				GCC_C_LANGUAGE_STANDARD = gnu11;
				GCC_DYNAMIC_NO_PIC = NO;
				GCC_NO_COMMON_BLOCKS = YES;
				GCC_OPTIMIZATION_LEVEL = 0;
				GCC_PREPROCESSOR_DEFINITIONS = (
					"DEBUG=1",
					"$(inherited)",
				);
				GCC_WARN_64_TO_32_BIT_CONVERSION = YES;
				GCC_WARN_ABOUT_RETURN_TYPE = YES_ERROR;
				GCC_WARN_UNDECLARED_SELECTOR = YES;
				GCC_WARN_UNINITIALIZED_AUTOS = YES_AGGRESSIVE;
				GCC_WARN_UNUSED_FUNCTION = YES;
				GCC_WARN_UNUSED_VARIABLE = YES;
				IPHONEOS_DEPLOYMENT_TARGET = 14.3;
				MTL_ENABLE_DEBUG_INFO = INCLUDE_SOURCE;
				MTL_FAST_MATH = YES;
				ONLY_ACTIVE_ARCH = YES;
				SDKROOT = iphoneos;
				SWIFT_ACTIVE_COMPILATION_CONDITIONS = DEBUG;
				SWIFT_OPTIMIZATION_LEVEL = "-Onone";
			};
			name = Debug;
		};
		1B7644FA25C1976700E63D9B /* Release */ = {
			isa = XCBuildConfiguration;
			buildSettings = {
				ALWAYS_SEARCH_USER_PATHS = NO;
				CLANG_ANALYZER_NONNULL = YES;
				CLANG_ANALYZER_NUMBER_OBJECT_CONVERSION = YES_AGGRESSIVE;
				CLANG_CXX_LANGUAGE_STANDARD = "gnu++14";
				CLANG_CXX_LIBRARY = "libc++";
				CLANG_ENABLE_MODULES = YES;
				CLANG_ENABLE_OBJC_ARC = YES;
				CLANG_ENABLE_OBJC_WEAK = YES;
				CLANG_WARN_BLOCK_CAPTURE_AUTORELEASING = YES;
				CLANG_WARN_BOOL_CONVERSION = YES;
				CLANG_WARN_COMMA = YES;
				CLANG_WARN_CONSTANT_CONVERSION = YES;
				CLANG_WARN_DEPRECATED_OBJC_IMPLEMENTATIONS = YES;
				CLANG_WARN_DIRECT_OBJC_ISA_USAGE = YES_ERROR;
				CLANG_WARN_DOCUMENTATION_COMMENTS = YES;
				CLANG_WARN_EMPTY_BODY = YES;
				CLANG_WARN_ENUM_CONVERSION = YES;
				CLANG_WARN_INFINITE_RECURSION = YES;
				CLANG_WARN_INT_CONVERSION = YES;
				CLANG_WARN_NON_LITERAL_NULL_CONVERSION = YES;
				CLANG_WARN_OBJC_IMPLICIT_RETAIN_SELF = YES;
				CLANG_WARN_OBJC_LITERAL_CONVERSION = YES;
				CLANG_WARN_OBJC_ROOT_CLASS = YES_ERROR;
				CLANG_WARN_QUOTED_INCLUDE_IN_FRAMEWORK_HEADER = YES;
				CLANG_WARN_RANGE_LOOP_ANALYSIS = YES;
				CLANG_WARN_STRICT_PROTOTYPES = YES;
				CLANG_WARN_SUSPICIOUS_MOVE = YES;
				CLANG_WARN_UNGUARDED_AVAILABILITY = YES_AGGRESSIVE;
				CLANG_WARN_UNREACHABLE_CODE = YES;
				CLANG_WARN__DUPLICATE_METHOD_MATCH = YES;
				COPY_PHASE_STRIP = NO;
				DEBUG_INFORMATION_FORMAT = "dwarf-with-dsym";
				ENABLE_NS_ASSERTIONS = NO;
				ENABLE_STRICT_OBJC_MSGSEND = YES;
				GCC_C_LANGUAGE_STANDARD = gnu11;
				GCC_NO_COMMON_BLOCKS = YES;
				GCC_WARN_64_TO_32_BIT_CONVERSION = YES;
				GCC_WARN_ABOUT_RETURN_TYPE = YES_ERROR;
				GCC_WARN_UNDECLARED_SELECTOR = YES;
				GCC_WARN_UNINITIALIZED_AUTOS = YES_AGGRESSIVE;
				GCC_WARN_UNUSED_FUNCTION = YES;
				GCC_WARN_UNUSED_VARIABLE = YES;
				IPHONEOS_DEPLOYMENT_TARGET = 14.3;
				MTL_ENABLE_DEBUG_INFO = NO;
				MTL_FAST_MATH = YES;
				SDKROOT = iphoneos;
				SWIFT_COMPILATION_MODE = wholemodule;
				SWIFT_OPTIMIZATION_LEVEL = "-O";
				VALIDATE_PRODUCT = YES;
			};
			name = Release;
		};
		1B7644FC25C1976700E63D9B /* Debug */ = {
			isa = XCBuildConfiguration;
			baseConfigurationReference = E23C01A882F9AB7E5672FF18 /* Pods-Messenger.debug.xcconfig */;
			buildSettings = {
				ASSETCATALOG_COMPILER_APPICON_NAME = AppIcon;
				ASSETCATALOG_COMPILER_GLOBAL_ACCENT_COLOR_NAME = AccentColor;
				CODE_SIGN_STYLE = Automatic;
				INFOPLIST_FILE = Messenger/Info.plist;
				IPHONEOS_DEPLOYMENT_TARGET = 13.0;
				LD_RUNPATH_SEARCH_PATHS = (
					"$(inherited)",
					"@executable_path/Frameworks",
				);
				PRODUCT_BUNDLE_IDENTIFIER = com.rafa.Messenger;
				PRODUCT_NAME = "$(TARGET_NAME)";
				SWIFT_VERSION = 5.0;
				TARGETED_DEVICE_FAMILY = "1,2";
			};
			name = Debug;
		};
		1B7644FD25C1976700E63D9B /* Release */ = {
			isa = XCBuildConfiguration;
			baseConfigurationReference = 23942E7D6A6867E035474761 /* Pods-Messenger.release.xcconfig */;
			buildSettings = {
				ASSETCATALOG_COMPILER_APPICON_NAME = AppIcon;
				ASSETCATALOG_COMPILER_GLOBAL_ACCENT_COLOR_NAME = AccentColor;
				CODE_SIGN_STYLE = Automatic;
				INFOPLIST_FILE = Messenger/Info.plist;
				IPHONEOS_DEPLOYMENT_TARGET = 13.0;
				LD_RUNPATH_SEARCH_PATHS = (
					"$(inherited)",
					"@executable_path/Frameworks",
				);
				PRODUCT_BUNDLE_IDENTIFIER = com.rafa.Messenger;
				PRODUCT_NAME = "$(TARGET_NAME)";
				SWIFT_VERSION = 5.0;
				TARGETED_DEVICE_FAMILY = "1,2";
			};
			name = Release;
		};
/* End XCBuildConfiguration section */

/* Begin XCConfigurationList section */
		1B7644E225C1976500E63D9B /* Build configuration list for PBXProject "Messenger" */ = {
			isa = XCConfigurationList;
			buildConfigurations = (
				1B7644F925C1976700E63D9B /* Debug */,
				1B7644FA25C1976700E63D9B /* Release */,
			);
			defaultConfigurationIsVisible = 0;
			defaultConfigurationName = Release;
		};
		1B7644FB25C1976700E63D9B /* Build configuration list for PBXNativeTarget "Messenger" */ = {
			isa = XCConfigurationList;
			buildConfigurations = (
				1B7644FC25C1976700E63D9B /* Debug */,
				1B7644FD25C1976700E63D9B /* Release */,
			);
			defaultConfigurationIsVisible = 0;
			defaultConfigurationName = Release;
		};
/* End XCConfigurationList section */
	};
	rootObject = 1B7644DF25C1976500E63D9B /* Project object */;
}
